
Microsoft Visual Studio Solution File, Format Version 12.00
Project("{FAE04EC0-301F-11D3-BF4B-00C04F79EFBC}") = "ECommerceApp.Api", "ECommerceApp.Api\ECommerceApp.Api.csproj", "{251487BD-3349-4E5B-ABF7-4D7C8B454EB4}"
EndProject
Project("{FAE04EC0-301F-11D3-BF4B-00C04F79EFBC}") = "ECommerceApp.Domain", "ECommerceApp.Domain\ECommerceApp.Domain.csproj", "{2EAA1C92-D85F-4E5F-962B-4A2E00C691EF}"
EndProject
Project("{FAE04EC0-301F-11D3-BF4B-00C04F79EFBC}") = "ECommerceApp.Infrastructure", "ECommerceApp.Infrastructure\ECommerceApp.Infrastructure.csproj", "{8676C2F8-1882-4007-8C53-98FC401F48ED}"
EndProject
Project("{FAE04EC0-301F-11D3-BF4B-00C04F79EFBC}") = "ECommerceApp.ApplicationLayer", "ECommerceApp.ApplicationLayer\ECommerceApp.ApplicationLayer.csproj", "{8EB88DE6-D40E-40C7-92D7-5A1EFCD44C2E}"
EndProject
Project("{FAE04EC0-301F-11D3-BF4B-00C04F79EFBC}") = "ECommerce.Tests", "ECommerce.Tests\ECommerce.Tests.csproj", "{4BD3B6BC-0134-4417-B4BC-68F26D221D0C}"
EndProject
Global
	GlobalSection(SolutionConfigurationPlatforms) = preSolution
		Debug|Any CPU = Debug|Any CPU
		Release|Any CPU = Release|Any CPU
	EndGlobalSection
	GlobalSection(ProjectConfigurationPlatforms) = postSolution
		{251487BD-3349-4E5B-ABF7-4D7C8B454EB4}.Debug|Any CPU.ActiveCfg = Debug|Any CPU
		{251487BD-3349-4E5B-ABF7-4D7C8B454EB4}.Debug|Any CPU.Build.0 = Debug|Any CPU
		{251487BD-3349-4E5B-ABF7-4D7C8B454EB4}.Release|Any CPU.ActiveCfg = Release|Any CPU
		{251487BD-3349-4E5B-ABF7-4D7C8B454EB4}.Release|Any CPU.Build.0 = Release|Any CPU
		{2EAA1C92-D85F-4E5F-962B-4A2E00C691EF}.Debug|Any CPU.ActiveCfg = Debug|Any CPU
		{2EAA1C92-D85F-4E5F-962B-4A2E00C691EF}.Debug|Any CPU.Build.0 = Debug|Any CPU
		{2EAA1C92-D85F-4E5F-962B-4A2E00C691EF}.Release|Any CPU.ActiveCfg = Release|Any CPU
		{2EAA1C92-D85F-4E5F-962B-4A2E00C691EF}.Release|Any CPU.Build.0 = Release|Any CPU
		{8676C2F8-1882-4007-8C53-98FC401F48ED}.Debug|Any CPU.ActiveCfg = Debug|Any CPU
		{8676C2F8-1882-4007-8C53-98FC401F48ED}.Debug|Any CPU.Build.0 = Debug|Any CPU
		{8676C2F8-1882-4007-8C53-98FC401F48ED}.Release|Any CPU.ActiveCfg = Release|Any CPU
		{8676C2F8-1882-4007-8C53-98FC401F48ED}.Release|Any CPU.Build.0 = Release|Any CPU
		{8EB88DE6-D40E-40C7-92D7-5A1EFCD44C2E}.Debug|Any CPU.ActiveCfg = Debug|Any CPU
		{8EB88DE6-D40E-40C7-92D7-5A1EFCD44C2E}.Debug|Any CPU.Build.0 = Debug|Any CPU
		{8EB88DE6-D40E-40C7-92D7-5A1EFCD44C2E}.Release|Any CPU.ActiveCfg = Release|Any CPU
		{8EB88DE6-D40E-40C7-92D7-5A1EFCD44C2E}.Release|Any CPU.Build.0 = Release|Any CPU
		{4BD3B6BC-0134-4417-B4BC-68F26D221D0C}.Debug|Any CPU.ActiveCfg = Debug|Any CPU
		{4BD3B6BC-0134-4417-B4BC-68F26D221D0C}.Debug|Any CPU.Build.0 = Debug|Any CPU
		{4BD3B6BC-0134-4417-B4BC-68F26D221D0C}.Release|Any CPU.ActiveCfg = Release|Any CPU
		{4BD3B6BC-0134-4417-B4BC-68F26D221D0C}.Release|Any CPU.Build.0 = Release|Any CPU
	EndGlobalSection
EndGlobal
